<?xml version="1.0" encoding="utf-8"?>
<Project ToolsVersion="4.0" xmlns="http://schemas.microsoft.com/developer/msbuild/2003">
  <ItemGroup>
    <ClCompile Include="Main.cpp" />
    <ClCompile Include="CD3DSprite.cpp" />
    <ClCompile Include="CNewFonts.cpp" />
    <ClCompile Include="translations\SanLtdTranslation.cpp">
      <Filter>translations</Filter>
    </ClCompile>
  </ItemGroup>
  <ItemGroup>
    <ClInclude Include="CD3DSprite.h" />
    <ClInclude Include="CNewFonts.h" />
    <ClInclude Include="translations\BaseTranslation.h">
      <Filter>translations</Filter>
    </ClInclude>
    <ClInclude Include="translations\SanLtdTranslation.h">
      <Filter>translations</Filter>
    </ClInclude>
  </ItemGroup>
  <ItemGroup>
    <Filter Include="translations">
      <UniqueIdentifier>{6af7e0a6-5f85-4733-80f3-44f7badefe55}</UniqueIdentifier>
    </Filter>
  </ItemGroup>
</Project>